{
    "_meta": {
        "hash": {
            "sha256": "f2777d1d50af36c9c4825c53a3fb2b359c41d6ac93f55e41a76d25ae18f91ec1"
        },
        "pipfile-spec": 6,
        "requires": {
            "python_version": "3.7+"
        },
        "sources": [
            {
                "name": "pypi",
                "url": "https://pypi.org/simple",
                "verify_ssl": true
            }
        ]
    },
    "default": {
        "aiopubsub": {
            "hashes": [
                "sha256:e75aae34d43506967dd92ce792995b8e815ddb31d42a114260036892d8693e91"
            ],
            "index": "pypi",
            "version": "==2.1.5"
        },
        "humanize": {
            "hashes": [
                "sha256:6790d9ba139ce09761ae901be9b22bd32a131fa65ecc82cdfc4d86f377f7395d",
                "sha256:fd3eb915310335c63a54d4507289ecc7b3a7454cd2c22ac5086d061a3cbfd592"
            ],
            "index": "pypi",
            "version": "==3.1.0"
        }
    },
    "develop": {}
}
